{
  "version": 4,
  "terraform_version": "1.3.5",
  "serial": 57,
  "lineage": "3e9bb8e0-55f2-926f-69d1-1ab56599304e",
  "outputs": {
    "cloudfront_distribution_id": {
      "value": "E1AOAJGYKXACX4",
      "type": "string"
    },
    "cloudfront_oai_id": {
      "value": "arn:aws:iam::cloudfront:user/CloudFront Origin Access Identity E3UNGU7C4YQSQU",
      "type": "string"
    },
    "cloudfront_oai_path": {
      "value": "origin-access-identity/cloudfront/E3UNGU7C4YQSQU",
      "type": "string"
    },
    "s3_bucket_name": {
      "value": "awt.mytoolings.xyz",
      "type": "string"
    },
    "website_endpoint": {
      "value": "https://awt.mytoolings.xyz",
      "type": "string"
    }
  },
  "resources": [
    {
      "mode": "data",
      "type": "aws_route53_zone",
      "name": "main",
      "provider": "provider[\"registry.terraform.io/hashicorp/aws\"]",
      "instances": [
        {
          "schema_version": 0,
          "attributes": {
            "arn": "arn:aws:route53:::hostedzone/Z0001188212LE53O91ADS",
            "caller_reference": "dbf60c7c-de09-4d89-99d1-e7c1c107c508",
            "comment": "",
            "id": "Z0001188212LE53O91ADS",
            "linked_service_description": null,
            "linked_service_principal": null,
            "name": "mytoolings.xyz",
            "name_servers": [
              "ns-1774.awsdns-29.co.uk",
              "ns-1273.awsdns-31.org",
              "ns-459.awsdns-57.com",
              "ns-597.awsdns-10.net"
            ],
            "primary_name_server": "ns-1774.awsdns-29.co.uk",
            "private_zone": false,
            "resource_record_set_count": 2,
            "tags": {},
            "vpc_id": null,
            "zone_id": "Z0001188212LE53O91ADS"
          },
          "sensitive_attributes": []
        }
      ]
    },
    {
      "module": "module.cdn",
      "mode": "managed",
      "type": "aws_cloudfront_distribution",
      "name": "website",
      "provider": "provider[\"registry.terraform.io/hashicorp/aws\"]",
      "instances": [
        {
          "schema_version": 1,
          "attributes": {
            "aliases": [
              "awt.mytoolings.xyz"
            ],
            "arn": "arn:aws:cloudfront::353928175117:distribution/E1AOAJGYKXACX4",
            "caller_reference": "terraform-20241116191648001800000003",
            "comment": null,
            "custom_error_response": [],
            "default_cache_behavior": [
              {
                "allowed_methods": [
                  "GET",
                  "HEAD"
                ],
                "cache_policy_id": "",
                "cached_methods": [
                  "GET",
                  "HEAD"
                ],
                "compress": true,
                "default_ttl": 3600,
                "field_level_encryption_id": "",
                "forwarded_values": [
                  {
                    "cookies": [
                      {
                        "forward": "none",
                        "whitelisted_names": []
                      }
                    ],
                    "headers": [],
                    "query_string": false,
                    "query_string_cache_keys": []
                  }
                ],
                "function_association": [],
                "lambda_function_association": [],
                "max_ttl": 86400,
                "min_ttl": 0,
                "origin_request_policy_id": "",
                "realtime_log_config_arn": "",
                "response_headers_policy_id": "",
                "smooth_streaming": false,
                "target_origin_id": "S3-awt.mytoolings.xyz",
                "trusted_key_groups": [],
                "trusted_signers": [],
                "viewer_protocol_policy": "redirect-to-https"
              }
            ],
            "default_root_object": "index.html",
            "domain_name": "d1s36d3nampo74.cloudfront.net",
            "enabled": true,
            "etag": "E1NBYDNGSECCSZ",
            "hosted_zone_id": "Z2FDTNDATAQYW2",
            "http_version": "http2",
            "id": "E1AOAJGYKXACX4",
            "in_progress_validation_batches": 0,
            "is_ipv6_enabled": true,
            "last_modified_time": "2024-11-16 19:16:48.163 +0000 UTC",
            "logging_config": [],
            "ordered_cache_behavior": [],
            "origin": [
              {
                "connection_attempts": 3,
                "connection_timeout": 10,
                "custom_header": [],
                "custom_origin_config": [],
                "domain_name": "awt.mytoolings.xyz.s3.amazonaws.com",
                "origin_access_control_id": "",
                "origin_id": "S3-awt.mytoolings.xyz",
                "origin_path": "",
                "origin_shield": [],
                "s3_origin_config": [
                  {
                    "origin_access_identity": "origin-access-identity/cloudfront/E3UNGU7C4YQSQU"
                  }
                ]
              }
            ],
            "origin_group": [],
            "price_class": "PriceClass_All",
            "restrictions": [
              {
                "geo_restriction": [
                  {
                    "locations": [],
                    "restriction_type": "none"
                  }
                ]
              }
            ],
            "retain_on_delete": false,
            "status": "Deployed",
            "tags": null,
            "tags_all": {},
            "trusted_key_groups": [
              {
                "enabled": false,
                "items": []
              }
            ],
            "trusted_signers": [
              {
                "enabled": false,
                "items": []
              }
            ],
            "viewer_certificate": [
              {
                "acm_certificate_arn": "arn:aws:acm:us-east-1:353928175117:certificate/ba40359c-83b8-4eca-881b-3ec63cf1b474",
                "cloudfront_default_certificate": false,
                "iam_certificate_id": "",
                "minimum_protocol_version": "TLSv1.2_2021",
                "ssl_support_method": "sni-only"
              }
            ],
            "wait_for_deployment": true,
            "web_acl_id": ""
          },
          "sensitive_attributes": [],
          "private": "eyJzY2hlbWFfdmVyc2lvbiI6IjEifQ==",
          "dependencies": [
            "data.aws_route53_zone.main",
            "module.cdn.aws_cloudfront_origin_access_identity.oai",
            "module.certificate.aws_acm_certificate.cert",
            "module.certificate.aws_acm_certificate_validation.cert",
            "module.certificate.aws_route53_record.cert_validation",
            "module.storage.aws_s3_bucket.s3_website"
          ]
        }
      ]
    },
    {
      "module": "module.cdn",
      "mode": "managed",
      "type": "aws_cloudfront_origin_access_identity",
      "name": "oai",
      "provider": "provider[\"registry.terraform.io/hashicorp/aws\"]",
      "instances": [
        {
          "schema_version": 0,
          "attributes": {
            "caller_reference": "terraform-20241116191646068600000002",
            "cloudfront_access_identity_path": "origin-access-identity/cloudfront/E3UNGU7C4YQSQU",
            "comment": "OAI for awt.mytoolings.xyz",
            "etag": "E25X1KGJGA4SCX",
            "iam_arn": "arn:aws:iam::cloudfront:user/CloudFront Origin Access Identity E3UNGU7C4YQSQU",
            "id": "E3UNGU7C4YQSQU",
            "s3_canonical_user_id": "8dcd0527e790fa0018a44dcf53736c1631f4c92ceb21708c7e0456234d6846e1763bd693ad2aee0dd65ca550b84f95e7"
          },
          "sensitive_attributes": [],
          "private": "bnVsbA==",
          "dependencies": [
            "data.aws_route53_zone.main",
            "module.certificate.aws_acm_certificate.cert",
            "module.certificate.aws_acm_certificate_validation.cert",
            "module.certificate.aws_route53_record.cert_validation"
          ]
        }
      ]
    },
    {
      "module": "module.certificate",
      "mode": "managed",
      "type": "aws_acm_certificate",
      "name": "cert",
      "provider": "provider[\"registry.terraform.io/hashicorp/aws\"]",
      "instances": [
        {
          "schema_version": 0,
          "attributes": {
            "arn": "arn:aws:acm:us-east-1:353928175117:certificate/ba40359c-83b8-4eca-881b-3ec63cf1b474",
            "certificate_authority_arn": "",
            "certificate_body": null,
            "certificate_chain": null,
            "domain_name": "awt.mytoolings.xyz",
            "domain_validation_options": [
              {
                "domain_name": "awt.mytoolings.xyz",
                "resource_record_name": "_b626c67034637501eb2d77f7b6c5686d.awt.mytoolings.xyz.",
                "resource_record_type": "CNAME",
                "resource_record_value": "_34d169b4f3700306ae48acfdf2cd2ec0.djqtsrsxkq.acm-validations.aws."
              }
            ],
            "early_renewal_duration": "",
            "id": "arn:aws:acm:us-east-1:353928175117:certificate/ba40359c-83b8-4eca-881b-3ec63cf1b474",
            "key_algorithm": "RSA_2048",
            "not_after": "",
            "not_before": "",
            "options": [
              {
                "certificate_transparency_logging_preference": "ENABLED"
              }
            ],
            "pending_renewal": false,
            "private_key": null,
            "renewal_eligibility": "INELIGIBLE",
            "renewal_summary": [],
            "status": "PENDING_VALIDATION",
            "subject_alternative_names": [
              "awt.mytoolings.xyz"
            ],
            "tags": null,
            "tags_all": {},
            "type": "AMAZON_ISSUED",
            "validation_emails": [],
            "validation_method": "DNS",
            "validation_option": []
          },
          "sensitive_attributes": [],
          "private": "bnVsbA==",
          "create_before_destroy": true
        }
      ]
    },
    {
      "module": "module.certificate",
      "mode": "managed",
      "type": "aws_acm_certificate_validation",
      "name": "cert",
      "provider": "provider[\"registry.terraform.io/hashicorp/aws\"]",
      "instances": [
        {
          "schema_version": 0,
          "attributes": {
            "certificate_arn": "arn:aws:acm:us-east-1:353928175117:certificate/ba40359c-83b8-4eca-881b-3ec63cf1b474",
            "id": "2024-11-16 19:16:14.579 +0000 UTC",
            "timeouts": null,
            "validation_record_fqdns": [
              "_b626c67034637501eb2d77f7b6c5686d.awt.mytoolings.xyz"
            ]
          },
          "sensitive_attributes": [],
          "private": "eyJlMmJmYjczMC1lY2FhLTExZTYtOGY4OC0zNDM2M2JjN2M0YzAiOnsiY3JlYXRlIjo0NTAwMDAwMDAwMDAwfX0=",
          "dependencies": [
            "data.aws_route53_zone.main",
            "module.certificate.aws_acm_certificate.cert",
            "module.certificate.aws_route53_record.cert_validation"
          ]
        }
      ]
    },
    {
      "module": "module.certificate",
      "mode": "managed",
      "type": "aws_route53_record",
      "name": "cert_validation",
      "provider": "provider[\"registry.terraform.io/hashicorp/aws\"]",
      "instances": [
        {
          "index_key": "awt.mytoolings.xyz",
          "schema_version": 2,
          "attributes": {
            "alias": [],
            "allow_overwrite": true,
            "cidr_routing_policy": [],
            "failover_routing_policy": [],
            "fqdn": "_b626c67034637501eb2d77f7b6c5686d.awt.mytoolings.xyz",
            "geolocation_routing_policy": [],
            "health_check_id": "",
            "id": "Z0001188212LE53O91ADS__b626c67034637501eb2d77f7b6c5686d.awt.mytoolings.xyz._CNAME",
            "latency_routing_policy": [],
            "multivalue_answer_routing_policy": false,
            "name": "_b626c67034637501eb2d77f7b6c5686d.awt.mytoolings.xyz",
            "records": [
              "_34d169b4f3700306ae48acfdf2cd2ec0.djqtsrsxkq.acm-validations.aws."
            ],
            "set_identifier": "",
            "ttl": 60,
            "type": "CNAME",
            "weighted_routing_policy": [],
            "zone_id": "Z0001188212LE53O91ADS"
          },
          "sensitive_attributes": [],
          "private": "eyJzY2hlbWFfdmVyc2lvbiI6IjIifQ==",
          "dependencies": [
            "data.aws_route53_zone.main",
            "module.certificate.aws_acm_certificate.cert"
          ]
        }
      ]
    },
    {
      "module": "module.dns",
      "mode": "managed",
      "type": "aws_route53_record",
      "name": "website",
      "provider": "provider[\"registry.terraform.io/hashicorp/aws\"]",
      "instances": [
        {
          "schema_version": 2,
          "attributes": {
            "alias": [
              {
                "evaluate_target_health": false,
                "name": "d1s36d3nampo74.cloudfront.net",
                "zone_id": "Z2FDTNDATAQYW2"
              }
            ],
            "allow_overwrite": null,
            "cidr_routing_policy": [],
            "failover_routing_policy": [],
            "fqdn": "awt.mytoolings.xyz",
            "geolocation_routing_policy": [],
            "health_check_id": "",
            "id": "Z0001188212LE53O91ADS_awt.mytoolings.xyz_A",
            "latency_routing_policy": [],
            "multivalue_answer_routing_policy": false,
            "name": "awt.mytoolings.xyz",
            "records": null,
            "set_identifier": "",
            "ttl": 0,
            "type": "A",
            "weighted_routing_policy": [],
            "zone_id": "Z0001188212LE53O91ADS"
          },
          "sensitive_attributes": [],
          "private": "eyJzY2hlbWFfdmVyc2lvbiI6IjIifQ==",
          "dependencies": [
            "data.aws_route53_zone.main",
            "module.cdn.aws_cloudfront_distribution.website",
            "module.cdn.aws_cloudfront_origin_access_identity.oai",
            "module.certificate.aws_acm_certificate.cert",
            "module.certificate.aws_acm_certificate_validation.cert",
            "module.certificate.aws_route53_record.cert_validation",
            "module.storage.aws_s3_bucket.s3_website"
          ]
        }
      ]
    },
    {
      "module": "module.storage",
      "mode": "managed",
      "type": "aws_s3_bucket",
      "name": "s3_website",
      "provider": "provider[\"registry.terraform.io/hashicorp/aws\"]",
      "instances": [
        {
          "schema_version": 0,
          "attributes": {
            "acceleration_status": "",
            "acl": null,
            "arn": "arn:aws:s3:::awt.mytoolings.xyz",
            "bucket": "awt.mytoolings.xyz",
            "bucket_domain_name": "awt.mytoolings.xyz.s3.amazonaws.com",
            "bucket_prefix": "",
            "bucket_regional_domain_name": "awt.mytoolings.xyz.s3.amazonaws.com",
            "cors_rule": [],
            "force_destroy": false,
            "grant": [
              {
                "id": "f4097acda64e848883c6526a9cde7214add2a806729154671646b1ebcd1fe835",
                "permissions": [
                  "FULL_CONTROL"
                ],
                "type": "CanonicalUser",
                "uri": ""
              }
            ],
            "hosted_zone_id": "Z3AQBSTGFYJSTF",
            "id": "awt.mytoolings.xyz",
            "lifecycle_rule": [],
            "logging": [],
            "object_lock_configuration": [],
            "object_lock_enabled": false,
            "policy": "",
            "region": "us-east-1",
            "replication_configuration": [],
            "request_payer": "BucketOwner",
            "server_side_encryption_configuration": [
              {
                "rule": [
                  {
                    "apply_server_side_encryption_by_default": [
                      {
                        "kms_master_key_id": "",
                        "sse_algorithm": "AES256"
                      }
                    ],
                    "bucket_key_enabled": false
                  }
                ]
              }
            ],
            "tags": null,
            "tags_all": {},
            "timeouts": null,
            "versioning": [
              {
                "enabled": false,
                "mfa_delete": false
              }
            ],
            "website": [],
            "website_domain": null,
            "website_endpoint": null
          },
          "sensitive_attributes": [],
          "private": "eyJlMmJmYjczMC1lY2FhLTExZTYtOGY4OC0zNDM2M2JjN2M0YzAiOnsiY3JlYXRlIjoxMjAwMDAwMDAwMDAwLCJkZWxldGUiOjM2MDAwMDAwMDAwMDAsInJlYWQiOjEyMDAwMDAwMDAwMDAsInVwZGF0ZSI6MTIwMDAwMDAwMDAwMH19"
        }
      ]
    },
    {
      "module": "module.storage",
      "mode": "managed",
      "type": "aws_s3_bucket_policy",
      "name": "website",
      "provider": "provider[\"registry.terraform.io/hashicorp/aws\"]",
      "instances": [
        {
          "schema_version": 0,
          "attributes": {
            "bucket": "awt.mytoolings.xyz",
            "id": "awt.mytoolings.xyz",
            "policy": "{\"Statement\":[{\"Action\":\"s3:GetObject\",\"Effect\":\"Allow\",\"Principal\":{\"AWS\":\"arn:aws:iam::cloudfront:user/CloudFront Origin Access Identity E3UNGU7C4YQSQU\"},\"Resource\":\"arn:aws:s3:::awt.mytoolings.xyz/*\",\"Sid\":\"PublicReadGetObject\"}],\"Version\":\"2012-10-17\"}"
          },
          "sensitive_attributes": [],
          "private": "bnVsbA==",
          "dependencies": [
            "data.aws_route53_zone.main",
            "module.cdn.aws_cloudfront_origin_access_identity.oai",
            "module.certificate.aws_acm_certificate.cert",
            "module.certificate.aws_acm_certificate_validation.cert",
            "module.certificate.aws_route53_record.cert_validation",
            "module.storage.aws_s3_bucket.s3_website"
          ]
        }
      ]
    },
    {
      "module": "module.storage",
      "mode": "managed",
      "type": "aws_s3_bucket_website_configuration",
      "name": "website",
      "provider": "provider[\"registry.terraform.io/hashicorp/aws\"]",
      "instances": [
        {
          "schema_version": 0,
          "attributes": {
            "bucket": "awt.mytoolings.xyz",
            "error_document": [
              {
                "key": "error.html"
              }
            ],
            "expected_bucket_owner": "",
            "id": "awt.mytoolings.xyz",
            "index_document": [
              {
                "suffix": "index.html"
              }
            ],
            "redirect_all_requests_to": [],
            "routing_rule": [],
            "routing_rules": "",
            "website_domain": "s3-website-us-east-1.amazonaws.com",
            "website_endpoint": "awt.mytoolings.xyz.s3-website-us-east-1.amazonaws.com"
          },
          "sensitive_attributes": [],
          "private": "bnVsbA==",
          "dependencies": [
            "module.storage.aws_s3_bucket.s3_website"
          ]
        }
      ]
    },
    {
      "module": "module.storage",
      "mode": "managed",
      "type": "aws_s3_object",
      "name": "error",
      "provider": "provider[\"registry.terraform.io/hashicorp/aws\"]",
      "instances": [
        {
          "schema_version": 0,
          "attributes": {
            "acl": "private",
            "bucket": "awt.mytoolings.xyz",
            "bucket_key_enabled": false,
            "cache_control": "",
            "content": null,
            "content_base64": null,
            "content_disposition": "",
            "content_encoding": "",
            "content_language": "",
            "content_type": "text/html",
            "etag": "7b9e2514da74d76458b08165ce8a024d",
            "force_destroy": false,
            "id": "error.html",
            "key": "error.html",
            "kms_key_id": null,
            "metadata": null,
            "object_lock_legal_hold_status": "",
            "object_lock_mode": "",
            "object_lock_retain_until_date": "",
            "server_side_encryption": "AES256",
            "source": "modules/storage/error.html",
            "source_hash": null,
            "storage_class": "STANDARD",
            "tags": null,
            "tags_all": {},
            "version_id": "",
            "website_redirect": ""
          },
          "sensitive_attributes": [],
          "private": "bnVsbA==",
          "dependencies": [
            "module.storage.aws_s3_bucket.s3_website"
          ]
        }
      ]
    },
    {
      "module": "module.storage",
      "mode": "managed",
      "type": "aws_s3_object",
      "name": "index",
      "provider": "provider[\"registry.terraform.io/hashicorp/aws\"]",
      "instances": [
        {
          "schema_version": 0,
          "attributes": {
            "acl": "private",
            "bucket": "awt.mytoolings.xyz",
            "bucket_key_enabled": false,
            "cache_control": "",
            "content": null,
            "content_base64": null,
            "content_disposition": "",
            "content_encoding": "",
            "content_language": "",
            "content_type": "text/html",
            "etag": "8c75798aab7af00d9b419e1fd3949bd8",
            "force_destroy": false,
            "id": "index.html",
            "key": "index.html",
            "kms_key_id": null,
            "metadata": null,
            "object_lock_legal_hold_status": "",
            "object_lock_mode": "",
            "object_lock_retain_until_date": "",
            "server_side_encryption": "AES256",
            "source": "modules/storage/index.html",
            "source_hash": null,
            "storage_class": "STANDARD",
            "tags": null,
            "tags_all": {},
            "version_id": "",
            "website_redirect": ""
          },
          "sensitive_attributes": [],
          "private": "bnVsbA==",
          "dependencies": [
            "module.storage.aws_s3_bucket.s3_website"
          ]
        }
      ]
    }
  ],
  "check_results": null
}
